
Microsoft Visual Studio Solution File, Format Version 12.00
# Visual Studio Version 16
VisualStudioVersion = 16.0.31624.102
MinimumVisualStudioVersion = 10.0.40219.1
Project("{9A19103F-16F7-4668-BE54-9A1E7A4F7556}") = "BookStore", "SimpleProject\BookStore.csproj", "{7F409DB3-49D9-4A06-B025-B67AC71D2F5E}"
EndProject
Global
	GlobalSection(SolutionConfigurationPlatforms) = preSolution
		Debug|Any CPU = Debug|Any CPU
		Release|Any CPU = Release|Any CPU
	EndGlobalSection
	GlobalSection(ProjectConfigurationPlatforms) = postSolution
		{7F409DB3-49D9-4A06-B025-B67AC71D2F5E}.Debug|Any CPU.ActiveCfg = Debug|Any CPU
		{7F409DB3-49D9-4A06-B025-B67AC71D2F5E}.Debug|Any CPU.Build.0 = Debug|Any CPU
		{7F409DB3-49D9-4A06-B025-B67AC71D2F5E}.Release|Any CPU.ActiveCfg = Release|Any CPU
		{7F409DB3-49D9-4A06-B025-B67AC71D2F5E}.Release|Any CPU.Build.0 = Release|Any CPU
	EndGlobalSection
	GlobalSection(SolutionProperties) = preSolution
		HideSolutionNode = FALSE
	EndGlobalSection
	GlobalSection(ExtensibilityGlobals) = postSolution
		SolutionGuid = {4F81A8BF-C0D0-4938-AB5E-E5C81D5A1AD6}
	EndGlobalSection
EndGlobal
